// !$*UTF8*$!
{
	archiveVersion = 1;
	classes = {
	};
	objectVersion = 56;
	objects = {

/* Begin PBXBuildFile section */
		F1EAB5E82AF75BE300E01D5F /* Mapkit_UdemyApp.swift in Sources */ = {isa = PBXBuildFile; fileRef = F1EAB5E72AF75BE300E01D5F /* Mapkit_UdemyApp.swift */; };
		F1EAB5EA2AF75BE300E01D5F /* ContentView.swift in Sources */ = {isa = PBXBuildFile; fileRef = F1EAB5E92AF75BE300E01D5F /* ContentView.swift */; };
		F1EAB5EC2AF75BE400E01D5F /* Assets.xcassets in Resources */ = {isa = PBXBuildFile; fileRef = F1EAB5EB2AF75BE400E01D5F /* Assets.xcassets */; };
		F1EAB5EF2AF75BE400E01D5F /* Preview Assets.xcassets in Resources */ = {isa = PBXBuildFile; fileRef = F1EAB5EE2AF75BE400E01D5F /* Preview Assets.xcassets */; };
		F1EAB5F82B00469000E01D5F /* LocationManager.swift in Sources */ = {isa = PBXBuildFile; fileRef = F1EAB5F72B00469000E01D5F /* LocationManager.swift */; };
		F1EAB5FC2B00487700E01D5F /* CLLocationCoordinate2D+Extensions.swift in Sources */ = {isa = PBXBuildFile; fileRef = F1EAB5FB2B00487700E01D5F /* CLLocationCoordinate2D+Extensions.swift */; };
		F1EAB6002B00491F00E01D5F /* MapOptions.swift in Sources */ = {isa = PBXBuildFile; fileRef = F1EAB5FF2B00491F00E01D5F /* MapOptions.swift */; };
/* End PBXBuildFile section */

/* Begin PBXFileReference section */
		F1EAB5E42AF75BE300E01D5F /* Mapkit_Udemy.app */ = {isa = PBXFileReference; explicitFileType = wrapper.application; includeInIndex = 0; path = Mapkit_Udemy.app; sourceTree = BUILT_PRODUCTS_DIR; };
		F1EAB5E72AF75BE300E01D5F /* Mapkit_UdemyApp.swift */ = {isa = PBXFileReference; lastKnownFileType = sourcecode.swift; path = Mapkit_UdemyApp.swift; sourceTree = "<group>"; };
		F1EAB5E92AF75BE300E01D5F /* ContentView.swift */ = {isa = PBXFileReference; lastKnownFileType = sourcecode.swift; path = ContentView.swift; sourceTree = "<group>"; };
		F1EAB5EB2AF75BE400E01D5F /* Assets.xcassets */ = {isa = PBXFileReference; lastKnownFileType = folder.assetcatalog; path = Assets.xcassets; sourceTree = "<group>"; };
		F1EAB5EE2AF75BE400E01D5F /* Preview Assets.xcassets */ = {isa = PBXFileReference; lastKnownFileType = folder.assetcatalog; path = "Preview Assets.xcassets"; sourceTree = "<group>"; };
		F1EAB5F52AFDEF4400E01D5F /* Mapkit-Udemy-Info.plist */ = {isa = PBXFileReference; lastKnownFileType = text.plist; path = "Mapkit-Udemy-Info.plist"; sourceTree = SOURCE_ROOT; };
		F1EAB5F72B00469000E01D5F /* LocationManager.swift */ = {isa = PBXFileReference; lastKnownFileType = sourcecode.swift; path = LocationManager.swift; sourceTree = "<group>"; };
		F1EAB5FB2B00487700E01D5F /* CLLocationCoordinate2D+Extensions.swift */ = {isa = PBXFileReference; lastKnownFileType = sourcecode.swift; path = "CLLocationCoordinate2D+Extensions.swift"; sourceTree = "<group>"; };
		F1EAB5FF2B00491F00E01D5F /* MapOptions.swift */ = {isa = PBXFileReference; lastKnownFileType = sourcecode.swift; path = MapOptions.swift; sourceTree = "<group>"; };
/* End PBXFileReference section */

/* Begin PBXFrameworksBuildPhase section */
		F1EAB5E12AF75BE300E01D5F /* Frameworks */ = {
			isa = PBXFrameworksBuildPhase;
			buildActionMask = 2147483647;
			files = (
			);
			runOnlyForDeploymentPostprocessing = 0;
		};
/* End PBXFrameworksBuildPhase section */

/* Begin PBXGroup section */
		F1EAB5DB2AF75BE300E01D5F = {
			isa = PBXGroup;
			children = (
				F1EAB5E62AF75BE300E01D5F /* Mapkit_Udemy */,
				F1EAB5E52AF75BE300E01D5F /* Products */,
			);
			sourceTree = "<group>";
		};
		F1EAB5E52AF75BE300E01D5F /* Products */ = {
			isa = PBXGroup;
			children = (
				F1EAB5E42AF75BE300E01D5F /* Mapkit_Udemy.app */,
			);
			name = Products;
			sourceTree = "<group>";
		};
		F1EAB5E62AF75BE300E01D5F /* Mapkit_Udemy */ = {
			isa = PBXGroup;
			children = (
				F1EAB5FD2B00489600E01D5F /* Views */,
				F1EAB5FE2B0048F300E01D5F /* Models */,
				F1EAB5F92B00483D00E01D5F /* Extensions */,
				F1EAB5F62B00466800E01D5F /* Managers */,
				F1EAB5F52AFDEF4400E01D5F /* Mapkit-Udemy-Info.plist */,
				F1EAB5E72AF75BE300E01D5F /* Mapkit_UdemyApp.swift */,
				F1EAB5EB2AF75BE400E01D5F /* Assets.xcassets */,
				F1EAB5ED2AF75BE400E01D5F /* Preview Content */,
			);
			path = Mapkit_Udemy;
			sourceTree = "<group>";
		};
		F1EAB5ED2AF75BE400E01D5F /* Preview Content */ = {
			isa = PBXGroup;
			children = (
				F1EAB5EE2AF75BE400E01D5F /* Preview Assets.xcassets */,
			);
			path = "Preview Content";
			sourceTree = "<group>";
		};
		F1EAB5F62B00466800E01D5F /* Managers */ = {
			isa = PBXGroup;
			children = (
				F1EAB5F72B00469000E01D5F /* LocationManager.swift */,
			);
			path = Managers;
			sourceTree = "<group>";
		};
		F1EAB5F92B00483D00E01D5F /* Extensions */ = {
			isa = PBXGroup;
			children = (
				F1EAB5FB2B00487700E01D5F /* CLLocationCoordinate2D+Extensions.swift */,
			);
			path = Extensions;
			sourceTree = "<group>";
		};
		F1EAB5FD2B00489600E01D5F /* Views */ = {
			isa = PBXGroup;
			children = (
				F1EAB5E92AF75BE300E01D5F /* ContentView.swift */,
			);
			path = Views;
			sourceTree = "<group>";
		};
		F1EAB5FE2B0048F300E01D5F /* Models */ = {
			isa = PBXGroup;
			children = (
				F1EAB5FF2B00491F00E01D5F /* MapOptions.swift */,
			);
			path = Models;
			sourceTree = "<group>";
		};
/* End PBXGroup section */

/* Begin PBXNativeTarget section */
		F1EAB5E32AF75BE300E01D5F /* Mapkit_Udemy */ = {
			isa = PBXNativeTarget;
			buildConfigurationList = F1EAB5F22AF75BE400E01D5F /* Build configuration list for PBXNativeTarget "Mapkit_Udemy" */;
			buildPhases = (
				F1EAB5E02AF75BE300E01D5F /* Sources */,
				F1EAB5E12AF75BE300E01D5F /* Frameworks */,
				F1EAB5E22AF75BE300E01D5F /* Resources */,
			);
			buildRules = (
			);
			dependencies = (
			);
			name = Mapkit_Udemy;
			productName = Mapkit_Udemy;
			productReference = F1EAB5E42AF75BE300E01D5F /* Mapkit_Udemy.app */;
			productType = "com.apple.product-type.application";
		};
/* End PBXNativeTarget section */

/* Begin PBXProject section */
		F1EAB5DC2AF75BE300E01D5F /* Project object */ = {
			isa = PBXProject;
			attributes = {
				BuildIndependentTargetsInParallel = 1;
				LastSwiftUpdateCheck = 1500;
				LastUpgradeCheck = 1500;
				TargetAttributes = {
					F1EAB5E32AF75BE300E01D5F = {
						CreatedOnToolsVersion = 15.0;
					};
				};
			};
			buildConfigurationList = F1EAB5DF2AF75BE300E01D5F /* Build configuration list for PBXProject "Mapkit_Udemy" */;
			compatibilityVersion = "Xcode 14.0";
			developmentRegion = en;
			hasScannedForEncodings = 0;
			knownRegions = (
				en,
				Base,
			);
			mainGroup = F1EAB5DB2AF75BE300E01D5F;
			productRefGroup = F1EAB5E52AF75BE300E01D5F /* Products */;
			projectDirPath = "";
			projectRoot = "";
			targets = (
				F1EAB5E32AF75BE300E01D5F /* Mapkit_Udemy */,
			);
		};
/* End PBXProject section */

/* Begin PBXResourcesBuildPhase section */
		F1EAB5E22AF75BE300E01D5F /* Resources */ = {
			isa = PBXResourcesBuildPhase;
			buildActionMask = 2147483647;
			files = (
				F1EAB5EF2AF75BE400E01D5F /* Preview Assets.xcassets in Resources */,
				F1EAB5EC2AF75BE400E01D5F /* Assets.xcassets in Resources */,
			);
			runOnlyForDeploymentPostprocessing = 0;
		};
/* End PBXResourcesBuildPhase section */

/* Begin PBXSourcesBuildPhase section */
		F1EAB5E02AF75BE300E01D5F /* Sources */ = {
			isa = PBXSourcesBuildPhase;
			buildActionMask = 2147483647;
			files = (
				F1EAB5EA2AF75BE300E01D5F /* ContentView.swift in Sources */,
				F1EAB5E82AF75BE300E01D5F /* Mapkit_UdemyApp.swift in Sources */,
				F1EAB6002B00491F00E01D5F /* MapOptions.swift in Sources */,
				F1EAB5F82B00469000E01D5F /* LocationManager.swift in Sources */,
				F1EAB5FC2B00487700E01D5F /* CLLocationCoordinate2D+Extensions.swift in Sources */,
			);
			runOnlyForDeploymentPostprocessing = 0;
		};
/* End PBXSourcesBuildPhase section */

/* Begin XCBuildConfiguration section */
		F1EAB5F02AF75BE400E01D5F /* Debug */ = {
			isa = XCBuildConfiguration;
			buildSettings = {
				ALWAYS_SEARCH_USER_PATHS = NO;
				ASSETCATALOG_COMPILER_GENERATE_SWIFT_ASSET_SYMBOL_EXTENSIONS = YES;
				CLANG_ANALYZER_NONNULL = YES;
				CLANG_ANALYZER_NUMBER_OBJECT_CONVERSION = YES_AGGRESSIVE;
				CLANG_CXX_LANGUAGE_STANDARD = "gnu++20";
				CLANG_ENABLE_MODULES = YES;
				CLANG_ENABLE_OBJC_ARC = YES;
				CLANG_ENABLE_OBJC_WEAK = YES;
				CLANG_WARN_BLOCK_CAPTURE_AUTORELEASING = YES;
				CLANG_WARN_BOOL_CONVERSION = YES;
				CLANG_WARN_COMMA = YES;
				CLANG_WARN_CONSTANT_CONVERSION = YES;
				CLANG_WARN_DEPRECATED_OBJC_IMPLEMENTATIONS = YES;
				CLANG_WARN_DIRECT_OBJC_ISA_USAGE = YES_ERROR;
				CLANG_WARN_DOCUMENTATION_COMMENTS = YES;
				CLANG_WARN_EMPTY_BODY = YES;
				CLANG_WARN_ENUM_CONVERSION = YES;
				CLANG_WARN_INFINITE_RECURSION = YES;
				CLANG_WARN_INT_CONVERSION = YES;
				CLANG_WARN_NON_LITERAL_NULL_CONVERSION = YES;
				CLANG_WARN_OBJC_IMPLICIT_RETAIN_SELF = YES;
				CLANG_WARN_OBJC_LITERAL_CONVERSION = YES;
				CLANG_WARN_OBJC_ROOT_CLASS = YES_ERROR;
				CLANG_WARN_QUOTED_INCLUDE_IN_FRAMEWORK_HEADER = YES;
				CLANG_WARN_RANGE_LOOP_ANALYSIS = YES;
				CLANG_WARN_STRICT_PROTOTYPES = YES;
				CLANG_WARN_SUSPICIOUS_MOVE = YES;
				CLANG_WARN_UNGUARDED_AVAILABILITY = YES_AGGRESSIVE;
				CLANG_WARN_UNREACHABLE_CODE = YES;
				CLANG_WARN__DUPLICATE_METHOD_MATCH = YES;
				COPY_PHASE_STRIP = NO;
				DEBUG_INFORMATION_FORMAT = dwarf;
				ENABLE_STRICT_OBJC_MSGSEND = YES;
				ENABLE_TESTABILITY = YES;
				ENABLE_USER_SCRIPT_SANDBOXING = YES;
				GCC_C_LANGUAGE_STANDARD = gnu17;
				GCC_DYNAMIC_NO_PIC = NO;
				GCC_NO_COMMON_BLOCKS = YES;
				GCC_OPTIMIZATION_LEVEL = 0;
				GCC_PREPROCESSOR_DEFINITIONS = (
					"DEBUG=1",
					"$(inherited)",
				);
				GCC_WARN_64_TO_32_BIT_CONVERSION = YES;
				GCC_WARN_ABOUT_RETURN_TYPE = YES_ERROR;
				GCC_WARN_UNDECLARED_SELECTOR = YES;
				GCC_WARN_UNINITIALIZED_AUTOS = YES_AGGRESSIVE;
				GCC_WARN_UNUSED_FUNCTION = YES;
				GCC_WARN_UNUSED_VARIABLE = YES;
				IPHONEOS_DEPLOYMENT_TARGET = 17.0;
				LOCALIZATION_PREFERS_STRING_CATALOGS = YES;
				MTL_ENABLE_DEBUG_INFO = INCLUDE_SOURCE;
				MTL_FAST_MATH = YES;
				ONLY_ACTIVE_ARCH = YES;
				SDKROOT = iphoneos;
				SWIFT_ACTIVE_COMPILATION_CONDITIONS = "DEBUG $(inherited)";
				SWIFT_OPTIMIZATION_LEVEL = "-Onone";
			};
			name = Debug;
		};
		F1EAB5F12AF75BE400E01D5F /* Release */ = {
			isa = XCBuildConfiguration;
			buildSettings = {
				ALWAYS_SEARCH_USER_PATHS = NO;
				ASSETCATALOG_COMPILER_GENERATE_SWIFT_ASSET_SYMBOL_EXTENSIONS = YES;
				CLANG_ANALYZER_NONNULL = YES;
				CLANG_ANALYZER_NUMBER_OBJECT_CONVERSION = YES_AGGRESSIVE;
				CLANG_CXX_LANGUAGE_STANDARD = "gnu++20";
				CLANG_ENABLE_MODULES = YES;
				CLANG_ENABLE_OBJC_ARC = YES;
				CLANG_ENABLE_OBJC_WEAK = YES;
				CLANG_WARN_BLOCK_CAPTURE_AUTORELEASING = YES;
				CLANG_WARN_BOOL_CONVERSION = YES;
				CLANG_WARN_COMMA = YES;
				CLANG_WARN_CONSTANT_CONVERSION = YES;
				CLANG_WARN_DEPRECATED_OBJC_IMPLEMENTATIONS = YES;
				CLANG_WARN_DIRECT_OBJC_ISA_USAGE = YES_ERROR;
				CLANG_WARN_DOCUMENTATION_COMMENTS = YES;
				CLANG_WARN_EMPTY_BODY = YES;
				CLANG_WARN_ENUM_CONVERSION = YES;
				CLANG_WARN_INFINITE_RECURSION = YES;
				CLANG_WARN_INT_CONVERSION = YES;
				CLANG_WARN_NON_LITERAL_NULL_CONVERSION = YES;
				CLANG_WARN_OBJC_IMPLICIT_RETAIN_SELF = YES;
				CLANG_WARN_OBJC_LITERAL_CONVERSION = YES;
				CLANG_WARN_OBJC_ROOT_CLASS = YES_ERROR;
				CLANG_WARN_QUOTED_INCLUDE_IN_FRAMEWORK_HEADER = YES;
				CLANG_WARN_RANGE_LOOP_ANALYSIS = YES;
				CLANG_WARN_STRICT_PROTOTYPES = YES;
				CLANG_WARN_SUSPICIOUS_MOVE = YES;
				CLANG_WARN_UNGUARDED_AVAILABILITY = YES_AGGRESSIVE;
				CLANG_WARN_UNREACHABLE_CODE = YES;
				CLANG_WARN__DUPLICATE_METHOD_MATCH = YES;
				COPY_PHASE_STRIP = NO;
				DEBUG_INFORMATION_FORMAT = "dwarf-with-dsym";
				ENABLE_NS_ASSERTIONS = NO;
				ENABLE_STRICT_OBJC_MSGSEND = YES;
				ENABLE_USER_SCRIPT_SANDBOXING = YES;
				GCC_C_LANGUAGE_STANDARD = gnu17;
				GCC_NO_COMMON_BLOCKS = YES;
				GCC_WARN_64_TO_32_BIT_CONVERSION = YES;
				GCC_WARN_ABOUT_RETURN_TYPE = YES_ERROR;
				GCC_WARN_UNDECLARED_SELECTOR = YES;
				GCC_WARN_UNINITIALIZED_AUTOS = YES_AGGRESSIVE;
				GCC_WARN_UNUSED_FUNCTION = YES;
				GCC_WARN_UNUSED_VARIABLE = YES;
				IPHONEOS_DEPLOYMENT_TARGET = 17.0;
				LOCALIZATION_PREFERS_STRING_CATALOGS = YES;
				MTL_ENABLE_DEBUG_INFO = NO;
				MTL_FAST_MATH = YES;
				SDKROOT = iphoneos;
				SWIFT_COMPILATION_MODE = wholemodule;
				VALIDATE_PRODUCT = YES;
			};
			name = Release;
		};
		F1EAB5F32AF75BE400E01D5F /* Debug */ = {
			isa = XCBuildConfiguration;
			buildSettings = {
				ASSETCATALOG_COMPILER_APPICON_NAME = AppIcon;
				ASSETCATALOG_COMPILER_GLOBAL_ACCENT_COLOR_NAME = AccentColor;
				CODE_SIGN_STYLE = Automatic;
				CURRENT_PROJECT_VERSION = 1;
				DEVELOPMENT_ASSET_PATHS = "\"Mapkit_Udemy/Preview Content\"";
				DEVELOPMENT_TEAM = 6W96N4J2BC;
				ENABLE_PREVIEWS = YES;
				GENERATE_INFOPLIST_FILE = YES;
				INFOPLIST_FILE = "Mapkit-Udemy-Info.plist";
				INFOPLIST_KEY_NSLocationAlwaysAndWhenInUseUsageDescription = "Can we use your location?";
				INFOPLIST_KEY_NSLocationWhenInUseUsageDescription = "I need when in use please";
				INFOPLIST_KEY_UIApplicationSceneManifest_Generation = YES;
				INFOPLIST_KEY_UIApplicationSupportsIndirectInputEvents = YES;
				INFOPLIST_KEY_UILaunchScreen_Generation = YES;
				INFOPLIST_KEY_UISupportedInterfaceOrientations_iPad = "UIInterfaceOrientationPortrait UIInterfaceOrientationPortraitUpsideDown UIInterfaceOrientationLandscapeLeft UIInterfaceOrientationLandscapeRight";
				INFOPLIST_KEY_UISupportedInterfaceOrientations_iPhone = "UIInterfaceOrientationPortrait UIInterfaceOrientationLandscapeLeft UIInterfaceOrientationLandscapeRight";
				LD_RUNPATH_SEARCH_PATHS = (
					"$(inherited)",
					"@executable_path/Frameworks",
				);
				MARKETING_VERSION = 1.0;
				PRODUCT_BUNDLE_IDENTIFIER = "com.monty.Mapkit-Udemy";
				PRODUCT_NAME = "$(TARGET_NAME)";
				SWIFT_EMIT_LOC_STRINGS = YES;
				SWIFT_VERSION = 5.0;
				TARGETED_DEVICE_FAMILY = "1,2";
			};
			name = Debug;
		};
		F1EAB5F42AF75BE400E01D5F /* Release */ = {
			isa = XCBuildConfiguration;
			buildSettings = {
				ASSETCATALOG_COMPILER_APPICON_NAME = AppIcon;
				ASSETCATALOG_COMPILER_GLOBAL_ACCENT_COLOR_NAME = AccentColor;
				CODE_SIGN_STYLE = Automatic;
				CURRENT_PROJECT_VERSION = 1;
				DEVELOPMENT_ASSET_PATHS = "\"Mapkit_Udemy/Preview Content\"";
				DEVELOPMENT_TEAM = 6W96N4J2BC;
				ENABLE_PREVIEWS = YES;
				GENERATE_INFOPLIST_FILE = YES;
				INFOPLIST_FILE = "Mapkit-Udemy-Info.plist";
				INFOPLIST_KEY_NSLocationAlwaysAndWhenInUseUsageDescription = "Can we use your location?";
				INFOPLIST_KEY_NSLocationWhenInUseUsageDescription = "I need when in use please";
				INFOPLIST_KEY_UIApplicationSceneManifest_Generation = YES;
				INFOPLIST_KEY_UIApplicationSupportsIndirectInputEvents = YES;
				INFOPLIST_KEY_UILaunchScreen_Generation = YES;
				INFOPLIST_KEY_UISupportedInterfaceOrientations_iPad = "UIInterfaceOrientationPortrait UIInterfaceOrientationPortraitUpsideDown UIInterfaceOrientationLandscapeLeft UIInterfaceOrientationLandscapeRight";
				INFOPLIST_KEY_UISupportedInterfaceOrientations_iPhone = "UIInterfaceOrientationPortrait UIInterfaceOrientationLandscapeLeft UIInterfaceOrientationLandscapeRight";
				LD_RUNPATH_SEARCH_PATHS = (
					"$(inherited)",
					"@executable_path/Frameworks",
				);
				MARKETING_VERSION = 1.0;
				PRODUCT_BUNDLE_IDENTIFIER = "com.monty.Mapkit-Udemy";
				PRODUCT_NAME = "$(TARGET_NAME)";
				SWIFT_EMIT_LOC_STRINGS = YES;
				SWIFT_VERSION = 5.0;
				TARGETED_DEVICE_FAMILY = "1,2";
			};
			name = Release;
		};
/* End XCBuildConfiguration section */

/* Begin XCConfigurationList section */
		F1EAB5DF2AF75BE300E01D5F /* Build configuration list for PBXProject "Mapkit_Udemy" */ = {
			isa = XCConfigurationList;
			buildConfigurations = (
				F1EAB5F02AF75BE400E01D5F /* Debug */,
				F1EAB5F12AF75BE400E01D5F /* Release */,
			);
			defaultConfigurationIsVisible = 0;
			defaultConfigurationName = Release;
		};
		F1EAB5F22AF75BE400E01D5F /* Build configuration list for PBXNativeTarget "Mapkit_Udemy" */ = {
			isa = XCConfigurationList;
			buildConfigurations = (
				F1EAB5F32AF75BE400E01D5F /* Debug */,
				F1EAB5F42AF75BE400E01D5F /* Release */,
			);
			defaultConfigurationIsVisible = 0;
			defaultConfigurationName = Release;
		};
/* End XCConfigurationList section */
	};
	rootObject = F1EAB5DC2AF75BE300E01D5F /* Project object */;
}
